
Microsoft Visual Studio Solution File, Format Version 12.00
# Visual Studio Version 17
VisualStudioVersion = 17.14.36518.9 d17.14
MinimumVisualStudioVersion = 10.0.40219.1
Project("{FAE04EC0-301F-11D3-BF4B-00C04F79EFBC}") = "ejercicioTelegrama", "ejercicioTelegrama.csproj", "{F4F18818-C723-41C5-BD46-8E76402A9E0F}"
EndProject
Global
	GlobalSection(SolutionConfigurationPlatforms) = preSolution
		Debug|Any CPU = Debug|Any CPU
		Release|Any CPU = Release|Any CPU
	EndGlobalSection
	GlobalSection(ProjectConfigurationPlatforms) = postSolution
		{F4F18818-C723-41C5-BD46-8E76402A9E0F}.Debug|Any CPU.ActiveCfg = Debug|Any CPU
		{F4F18818-C723-41C5-BD46-8E76402A9E0F}.Debug|Any CPU.Build.0 = Debug|Any CPU
		{F4F18818-C723-41C5-BD46-8E76402A9E0F}.Release|Any CPU.ActiveCfg = Release|Any CPU
		{F4F18818-C723-41C5-BD46-8E76402A9E0F}.Release|Any CPU.Build.0 = Release|Any CPU
	EndGlobalSection
	GlobalSection(SolutionProperties) = preSolution
		HideSolutionNode = FALSE
	EndGlobalSection
	GlobalSection(ExtensibilityGlobals) = postSolution
		SolutionGuid = {0ED39A42-BB19-4DC9-8C4D-0E20B6805283}
	EndGlobalSection
EndGlobal
